// !$*UTF8*$!
{
	archiveVersion = 1;
	classes = {
	};
	objectVersion = 46;
	objects = {

/* Begin PBXBuildFile section */
		30CF0AA91D777BC50035551C /* AppDelegate.swift in Sources */ = {isa = PBXBuildFile; fileRef = 30CF0AA81D777BC50035551C /* AppDelegate.swift */; };
		30CF0AAB1D777BC50035551C /* ViewController.swift in Sources */ = {isa = PBXBuildFile; fileRef = 30CF0AAA1D777BC50035551C /* ViewController.swift */; };
		30CF0AAE1D777BC50035551C /* Main.storyboard in Resources */ = {isa = PBXBuildFile; fileRef = 30CF0AAC1D777BC50035551C /* Main.storyboard */; };
		30CF0AB01D777BC50035551C /* Assets.xcassets in Resources */ = {isa = PBXBuildFile; fileRef = 30CF0AAF1D777BC50035551C /* Assets.xcassets */; };
		30CF0AB31D777BC50035551C /* LaunchScreen.storyboard in Resources */ = {isa = PBXBuildFile; fileRef = 30CF0AB11D777BC50035551C /* LaunchScreen.storyboard */; };
		58164D269D1C2B586630179E /* Pods_ReadersChallenge.framework in Frameworks */ = {isa = PBXBuildFile; fileRef = 9576451BC76076243677A22D /* Pods_ReadersChallenge.framework */; };
/* End PBXBuildFile section */

/* Begin PBXFileReference section */
		30CF0AA51D777BC50035551C /* ReadersChallenge.app */ = {isa = PBXFileReference; explicitFileType = wrapper.application; includeInIndex = 0; path = ReadersChallenge.app; sourceTree = BUILT_PRODUCTS_DIR; };
		30CF0AA81D777BC50035551C /* AppDelegate.swift */ = {isa = PBXFileReference; lastKnownFileType = sourcecode.swift; path = AppDelegate.swift; sourceTree = "<group>"; };
		30CF0AAA1D777BC50035551C /* ViewController.swift */ = {isa = PBXFileReference; lastKnownFileType = sourcecode.swift; path = ViewController.swift; sourceTree = "<group>"; };
		30CF0AAD1D777BC50035551C /* Base */ = {isa = PBXFileReference; lastKnownFileType = file.storyboard; name = Base; path = Base.lproj/Main.storyboard; sourceTree = "<group>"; };
		30CF0AAF1D777BC50035551C /* Assets.xcassets */ = {isa = PBXFileReference; lastKnownFileType = folder.assetcatalog; path = Assets.xcassets; sourceTree = "<group>"; };
		30CF0AB21D777BC50035551C /* Base */ = {isa = PBXFileReference; lastKnownFileType = file.storyboard; name = Base; path = Base.lproj/LaunchScreen.storyboard; sourceTree = "<group>"; };
		30CF0AB41D777BC50035551C /* Info.plist */ = {isa = PBXFileReference; lastKnownFileType = text.plist.xml; path = Info.plist; sourceTree = "<group>"; };
		7820E267FF06295359B97032 /* Pods-ReadersChallenge.release.xcconfig */ = {isa = PBXFileReference; includeInIndex = 1; lastKnownFileType = text.xcconfig; name = "Pods-ReadersChallenge.release.xcconfig"; path = "Pods/Target Support Files/Pods-ReadersChallenge/Pods-ReadersChallenge.release.xcconfig"; sourceTree = "<group>"; };
		9576451BC76076243677A22D /* Pods_ReadersChallenge.framework */ = {isa = PBXFileReference; explicitFileType = wrapper.framework; includeInIndex = 0; path = Pods_ReadersChallenge.framework; sourceTree = BUILT_PRODUCTS_DIR; };
		F4C493CB3D4B009DE9BA2859 /* Pods-ReadersChallenge.debug.xcconfig */ = {isa = PBXFileReference; includeInIndex = 1; lastKnownFileType = text.xcconfig; name = "Pods-ReadersChallenge.debug.xcconfig"; path = "Pods/Target Support Files/Pods-ReadersChallenge/Pods-ReadersChallenge.debug.xcconfig"; sourceTree = "<group>"; };
/* End PBXFileReference section */

/* Begin PBXFrameworksBuildPhase section */
		30CF0AA21D777BC50035551C /* Frameworks */ = {
			isa = PBXFrameworksBuildPhase;
			buildActionMask = 2147483647;
			files = (
				58164D269D1C2B586630179E /* Pods_ReadersChallenge.framework in Frameworks */,
			);
			runOnlyForDeploymentPostprocessing = 0;
		};
/* End PBXFrameworksBuildPhase section */

/* Begin PBXGroup section */
		30CF0A9C1D777BC50035551C = {
			isa = PBXGroup;
			children = (
				30CF0AA71D777BC50035551C /* ReadersChallenge */,
				30CF0AA61D777BC50035551C /* Products */,
				431C73D7C02FAA6EEC90B1B1 /* Pods */,
				CCB3CEC935E36008DB2C9D88 /* Frameworks */,
			);
			sourceTree = "<group>";
		};
		30CF0AA61D777BC50035551C /* Products */ = {
			isa = PBXGroup;
			children = (
				30CF0AA51D777BC50035551C /* ReadersChallenge.app */,
			);
			name = Products;
			sourceTree = "<group>";
		};
		30CF0AA71D777BC50035551C /* ReadersChallenge */ = {
			isa = PBXGroup;
			children = (
				30CF0AA81D777BC50035551C /* AppDelegate.swift */,
				30CF0AAA1D777BC50035551C /* ViewController.swift */,
				30CF0AAC1D777BC50035551C /* Main.storyboard */,
				30CF0AAF1D777BC50035551C /* Assets.xcassets */,
				30CF0AB11D777BC50035551C /* LaunchScreen.storyboard */,
				30CF0AB41D777BC50035551C /* Info.plist */,
			);
			path = ReadersChallenge;
			sourceTree = "<group>";
		};
		431C73D7C02FAA6EEC90B1B1 /* Pods */ = {
			isa = PBXGroup;
			children = (
				F4C493CB3D4B009DE9BA2859 /* Pods-ReadersChallenge.debug.xcconfig */,
				7820E267FF06295359B97032 /* Pods-ReadersChallenge.release.xcconfig */,
			);
			name = Pods;
			sourceTree = "<group>";
		};
		CCB3CEC935E36008DB2C9D88 /* Frameworks */ = {
			isa = PBXGroup;
			children = (
				9576451BC76076243677A22D /* Pods_ReadersChallenge.framework */,
			);
			name = Frameworks;
			sourceTree = "<group>";
		};
/* End PBXGroup section */

/* Begin PBXNativeTarget section */
		30CF0AA41D777BC50035551C /* ReadersChallenge */ = {
			isa = PBXNativeTarget;
			buildConfigurationList = 30CF0AB71D777BC50035551C /* Build configuration list for PBXNativeTarget "ReadersChallenge" */;
			buildPhases = (
				CA907E40CED0B7F29D1E10AA /* [CP] Check Pods Manifest.lock */,
				30CF0AA11D777BC50035551C /* Sources */,
				30CF0AA21D777BC50035551C /* Frameworks */,
				30CF0AA31D777BC50035551C /* Resources */,
				12CF1FA28D08277938E423FB /* [CP] Embed Pods Frameworks */,
				FA912E31EDB424FE5A96BADB /* [CP] Copy Pods Resources */,
			);
			buildRules = (
			);
			dependencies = (
			);
			name = ReadersChallenge;
			productName = ReadersChallenge;
			productReference = 30CF0AA51D777BC50035551C /* ReadersChallenge.app */;
			productType = "com.apple.product-type.application";
		};
/* End PBXNativeTarget section */

/* Begin PBXProject section */
		30CF0A9D1D777BC50035551C /* Project object */ = {
			isa = PBXProject;
			attributes = {
				LastSwiftUpdateCheck = 0730;
				LastUpgradeCheck = 0730;
				ORGANIZATIONNAME = "Tony Marko";
				TargetAttributes = {
					30CF0AA41D777BC50035551C = {
						CreatedOnToolsVersion = 7.3.1;
					};
				};
			};
			buildConfigurationList = 30CF0AA01D777BC50035551C /* Build configuration list for PBXProject "ReadersChallenge" */;
			compatibilityVersion = "Xcode 3.2";
			developmentRegion = English;
			hasScannedForEncodings = 0;
			knownRegions = (
				en,
				Base,
			);
			mainGroup = 30CF0A9C1D777BC50035551C;
			productRefGroup = 30CF0AA61D777BC50035551C /* Products */;
			projectDirPath = "";
			projectRoot = "";
			targets = (
				30CF0AA41D777BC50035551C /* ReadersChallenge */,
			);
		};
/* End PBXProject section */

/* Begin PBXResourcesBuildPhase section */
		30CF0AA31D777BC50035551C /* Resources */ = {
			isa = PBXResourcesBuildPhase;
			buildActionMask = 2147483647;
			files = (
				30CF0AB31D777BC50035551C /* LaunchScreen.storyboard in Resources */,
				30CF0AB01D777BC50035551C /* Assets.xcassets in Resources */,
				30CF0AAE1D777BC50035551C /* Main.storyboard in Resources */,
			);
			runOnlyForDeploymentPostprocessing = 0;
		};
/* End PBXResourcesBuildPhase section */

/* Begin PBXShellScriptBuildPhase section */
		12CF1FA28D08277938E423FB /* [CP] Embed Pods Frameworks */ = {
			isa = PBXShellScriptBuildPhase;
			buildActionMask = 2147483647;
			files = (
			);
			inputPaths = (
			);
			name = "[CP] Embed Pods Frameworks";
			outputPaths = (
			);
			runOnlyForDeploymentPostprocessing = 0;
			shellPath = /bin/sh;
			shellScript = "\"${SRCROOT}/Pods/Target Support Files/Pods-ReadersChallenge/Pods-ReadersChallenge-frameworks.sh\"\n";
			showEnvVarsInLog = 0;
		};
		CA907E40CED0B7F29D1E10AA /* [CP] Check Pods Manifest.lock */ = {
			isa = PBXShellScriptBuildPhase;
			buildActionMask = 2147483647;
			files = (
			);
			inputPaths = (
			);
			name = "[CP] Check Pods Manifest.lock";
			outputPaths = (
			);
			runOnlyForDeploymentPostprocessing = 0;
			shellPath = /bin/sh;
			shellScript = "diff \"${PODS_ROOT}/../Podfile.lock\" \"${PODS_ROOT}/Manifest.lock\" > /dev/null\nif [[ $? != 0 ]] ; then\n    cat << EOM\nerror: The sandbox is not in sync with the Podfile.lock. Run 'pod install' or update your CocoaPods installation.\nEOM\n    exit 1\nfi\n";
			showEnvVarsInLog = 0;
		};
		FA912E31EDB424FE5A96BADB /* [CP] Copy Pods Resources */ = {
			isa = PBXShellScriptBuildPhase;
			buildActionMask = 2147483647;
			files = (
			);
			inputPaths = (
			);
			name = "[CP] Copy Pods Resources";
			outputPaths = (
			);
			runOnlyForDeploymentPostprocessing = 0;
			shellPath = /bin/sh;
			shellScript = "\"${SRCROOT}/Pods/Target Support Files/Pods-ReadersChallenge/Pods-ReadersChallenge-resources.sh\"\n";
			showEnvVarsInLog = 0;
		};
/* End PBXShellScriptBuildPhase section */

/* Begin PBXSourcesBuildPhase section */
		30CF0AA11D777BC50035551C /* Sources */ = {
			isa = PBXSourcesBuildPhase;
			buildActionMask = 2147483647;
			files = (
				30CF0AAB1D777BC50035551C /* ViewController.swift in Sources */,
				30CF0AA91D777BC50035551C /* AppDelegate.swift in Sources */,
			);
			runOnlyForDeploymentPostprocessing = 0;
		};
/* End PBXSourcesBuildPhase section */

/* Begin PBXVariantGroup section */
		30CF0AAC1D777BC50035551C /* Main.storyboard */ = {
			isa = PBXVariantGroup;
			children = (
				30CF0AAD1D777BC50035551C /* Base */,
			);
			name = Main.storyboard;
			sourceTree = "<group>";
		};
		30CF0AB11D777BC50035551C /* LaunchScreen.storyboard */ = {
			isa = PBXVariantGroup;
			children = (
				30CF0AB21D777BC50035551C /* Base */,
			);
			name = LaunchScreen.storyboard;
			sourceTree = "<group>";
		};
/* End PBXVariantGroup section */

/* Begin XCBuildConfiguration section */
		30CF0AB51D777BC50035551C /* Debug */ = {
			isa = XCBuildConfiguration;
			buildSettings = {
				ALWAYS_SEARCH_USER_PATHS = NO;
				CLANG_ANALYZER_NONNULL = YES;
				CLANG_CXX_LANGUAGE_STANDARD = "gnu++0x";
				CLANG_CXX_LIBRARY = "libc++";
				CLANG_ENABLE_MODULES = YES;
				CLANG_ENABLE_OBJC_ARC = YES;
				CLANG_WARN_BOOL_CONVERSION = YES;
				CLANG_WARN_CONSTANT_CONVERSION = YES;
				CLANG_WARN_DIRECT_OBJC_ISA_USAGE = YES_ERROR;
				CLANG_WARN_EMPTY_BODY = YES;
				CLANG_WARN_ENUM_CONVERSION = YES;
				CLANG_WARN_INT_CONVERSION = YES;
				CLANG_WARN_OBJC_ROOT_CLASS = YES_ERROR;
				CLANG_WARN_UNREACHABLE_CODE = YES;
				CLANG_WARN__DUPLICATE_METHOD_MATCH = YES;
				"CODE_SIGN_IDENTITY[sdk=iphoneos*]" = "iPhone Developer";
				COPY_PHASE_STRIP = NO;
				DEBUG_INFORMATION_FORMAT = dwarf;
				ENABLE_STRICT_OBJC_MSGSEND = YES;
				ENABLE_TESTABILITY = YES;
				GCC_C_LANGUAGE_STANDARD = gnu99;
				GCC_DYNAMIC_NO_PIC = NO;
				GCC_NO_COMMON_BLOCKS = YES;
				GCC_OPTIMIZATION_LEVEL = 0;
				GCC_PREPROCESSOR_DEFINITIONS = (
					"DEBUG=1",
					"$(inherited)",
				);
				GCC_WARN_64_TO_32_BIT_CONVERSION = YES;
				GCC_WARN_ABOUT_RETURN_TYPE = YES_ERROR;
				GCC_WARN_UNDECLARED_SELECTOR = YES;
				GCC_WARN_UNINITIALIZED_AUTOS = YES_AGGRESSIVE;
				GCC_WARN_UNUSED_FUNCTION = YES;
				GCC_WARN_UNUSED_VARIABLE = YES;
				IPHONEOS_DEPLOYMENT_TARGET = 9.3;
				MTL_ENABLE_DEBUG_INFO = YES;
				ONLY_ACTIVE_ARCH = YES;
				SDKROOT = iphoneos;
				SWIFT_OPTIMIZATION_LEVEL = "-Onone";
			};
			name = Debug;
		};
		30CF0AB61D777BC50035551C /* Release */ = {
			isa = XCBuildConfiguration;
			buildSettings = {
				ALWAYS_SEARCH_USER_PATHS = NO;
				CLANG_ANALYZER_NONNULL = YES;
				CLANG_CXX_LANGUAGE_STANDARD = "gnu++0x";
				CLANG_CXX_LIBRARY = "libc++";
				CLANG_ENABLE_MODULES = YES;
				CLANG_ENABLE_OBJC_ARC = YES;
				CLANG_WARN_BOOL_CONVERSION = YES;
				CLANG_WARN_CONSTANT_CONVERSION = YES;
				CLANG_WARN_DIRECT_OBJC_ISA_USAGE = YES_ERROR;
				CLANG_WARN_EMPTY_BODY = YES;
				CLANG_WARN_ENUM_CONVERSION = YES;
				CLANG_WARN_INT_CONVERSION = YES;
				CLANG_WARN_OBJC_ROOT_CLASS = YES_ERROR;
				CLANG_WARN_UNREACHABLE_CODE = YES;
				CLANG_WARN__DUPLICATE_METHOD_MATCH = YES;
				"CODE_SIGN_IDENTITY[sdk=iphoneos*]" = "iPhone Developer";
				COPY_PHASE_STRIP = NO;
				DEBUG_INFORMATION_FORMAT = "dwarf-with-dsym";
				ENABLE_NS_ASSERTIONS = NO;
				ENABLE_STRICT_OBJC_MSGSEND = YES;
				GCC_C_LANGUAGE_STANDARD = gnu99;
				GCC_NO_COMMON_BLOCKS = YES;
				GCC_WARN_64_TO_32_BIT_CONVERSION = YES;
				GCC_WARN_ABOUT_RETURN_TYPE = YES_ERROR;
				GCC_WARN_UNDECLARED_SELECTOR = YES;
				GCC_WARN_UNINITIALIZED_AUTOS = YES_AGGRESSIVE;
				GCC_WARN_UNUSED_FUNCTION = YES;
				GCC_WARN_UNUSED_VARIABLE = YES;
				IPHONEOS_DEPLOYMENT_TARGET = 9.3;
				MTL_ENABLE_DEBUG_INFO = NO;
				SDKROOT = iphoneos;
				VALIDATE_PRODUCT = YES;
			};
			name = Release;
		};
		30CF0AB81D777BC50035551C /* Debug */ = {
			isa = XCBuildConfiguration;
			baseConfigurationReference = F4C493CB3D4B009DE9BA2859 /* Pods-ReadersChallenge.debug.xcconfig */;
			buildSettings = {
				ASSETCATALOG_COMPILER_APPICON_NAME = AppIcon;
				INFOPLIST_FILE = ReadersChallenge/Info.plist;
				LD_RUNPATH_SEARCH_PATHS = "$(inherited) @executable_path/Frameworks";
				PRODUCT_BUNDLE_IDENTIFIER = TM101.ReadersChallenge;
				PRODUCT_NAME = "$(TARGET_NAME)";
			};
			name = Debug;
		};
		30CF0AB91D777BC50035551C /* Release */ = {
			isa = XCBuildConfiguration;
			baseConfigurationReference = 7820E267FF06295359B97032 /* Pods-ReadersChallenge.release.xcconfig */;
			buildSettings = {
				ASSETCATALOG_COMPILER_APPICON_NAME = AppIcon;
				INFOPLIST_FILE = ReadersChallenge/Info.plist;
				LD_RUNPATH_SEARCH_PATHS = "$(inherited) @executable_path/Frameworks";
				PRODUCT_BUNDLE_IDENTIFIER = TM101.ReadersChallenge;
				PRODUCT_NAME = "$(TARGET_NAME)";
			};
			name = Release;
		};
/* End XCBuildConfiguration section */

/* Begin XCConfigurationList section */
		30CF0AA01D777BC50035551C /* Build configuration list for PBXProject "ReadersChallenge" */ = {
			isa = XCConfigurationList;
			buildConfigurations = (
				30CF0AB51D777BC50035551C /* Debug */,
				30CF0AB61D777BC50035551C /* Release */,
			);
			defaultConfigurationIsVisible = 0;
			defaultConfigurationName = Release;
		};
		30CF0AB71D777BC50035551C /* Build configuration list for PBXNativeTarget "ReadersChallenge" */ = {
			isa = XCConfigurationList;
			buildConfigurations = (
				30CF0AB81D777BC50035551C /* Debug */,
				30CF0AB91D777BC50035551C /* Release */,
			);
			defaultConfigurationIsVisible = 0;
			defaultConfigurationName = Release;
		};
/* End XCConfigurationList section */
	};
	rootObject = 30CF0A9D1D777BC50035551C /* Project object */;
}
